
Microsoft Visual Studio Solution File, Format Version 12.00
# Visual Studio Version 17
VisualStudioVersion = 17.7.34031.279
MinimumVisualStudioVersion = 10.0.40219.1
Project("{FAE04EC0-301F-11D3-BF4B-00C04F79EFBC}") = "Tema3-Formulario", "Tema3-Formulario.csproj", "{9C79B59D-D8C9-4C94-A4E2-BA476A2B34FB}"
EndProject
Global
	GlobalSection(SolutionConfigurationPlatforms) = preSolution
		Debug|Any CPU = Debug|Any CPU
		Release|Any CPU = Release|Any CPU
	EndGlobalSection
	GlobalSection(ProjectConfigurationPlatforms) = postSolution
		{9C79B59D-D8C9-4C94-A4E2-BA476A2B34FB}.Debug|Any CPU.ActiveCfg = Debug|Any CPU
		{9C79B59D-D8C9-4C94-A4E2-BA476A2B34FB}.Debug|Any CPU.Build.0 = Debug|Any CPU
		{9C79B59D-D8C9-4C94-A4E2-BA476A2B34FB}.Release|Any CPU.ActiveCfg = Release|Any CPU
		{9C79B59D-D8C9-4C94-A4E2-BA476A2B34FB}.Release|Any CPU.Build.0 = Release|Any CPU
	EndGlobalSection
	GlobalSection(SolutionProperties) = preSolution
		HideSolutionNode = FALSE
	EndGlobalSection
	GlobalSection(ExtensibilityGlobals) = postSolution
		SolutionGuid = {880A9441-DFC5-4637-8C26-8BDD5D23F13C}
	EndGlobalSection
EndGlobal
